
Microsoft Visual Studio Solution File, Format Version 12.00
# Visual Studio Version 16
VisualStudioVersion = 16.0.29509.3
MinimumVisualStudioVersion = 10.0.40219.1
Project("{FAE04EC0-301F-11D3-BF4B-00C04F79EFBC}") = "Revison1_OOP", "Revison1_OOP\Revison1_OOP.csproj", "{A8FBA976-D041-4443-9E32-5A5FEBDA2B14}"
EndProject
Global
	GlobalSection(SolutionConfigurationPlatforms) = preSolution
		Debug|Any CPU = Debug|Any CPU
		Release|Any CPU = Release|Any CPU
	EndGlobalSection
	GlobalSection(ProjectConfigurationPlatforms) = postSolution
		{A8FBA976-D041-4443-9E32-5A5FEBDA2B14}.Debug|Any CPU.ActiveCfg = Debug|Any CPU
		{A8FBA976-D041-4443-9E32-5A5FEBDA2B14}.Debug|Any CPU.Build.0 = Debug|Any CPU
		{A8FBA976-D041-4443-9E32-5A5FEBDA2B14}.Release|Any CPU.ActiveCfg = Release|Any CPU
		{A8FBA976-D041-4443-9E32-5A5FEBDA2B14}.Release|Any CPU.Build.0 = Release|Any CPU
	EndGlobalSection
	GlobalSection(SolutionProperties) = preSolution
		HideSolutionNode = FALSE
	EndGlobalSection
	GlobalSection(ExtensibilityGlobals) = postSolution
		SolutionGuid = {F73F0812-34FE-4AAC-8D6B-9DB486B39208}
	EndGlobalSection
EndGlobal
